
Microsoft Visual Studio Solution File, Format Version 12.00
# Visual Studio Version 17
VisualStudioVersion = 17.14.37216.2 d17.14
MinimumVisualStudioVersion = 10.0.40219.1
Project("{FAE04EC0-301F-11D3-BF4B-00C04F79EFBC}") = "ProjetoBiblioteca", "ProjetoBiblioteca\ProjetoBiblioteca.csproj", "{DFF2D52E-8C0C-440F-8B27-F8873EDDF22B}"
EndProject
Global
	GlobalSection(SolutionConfigurationPlatforms) = preSolution
		Debug|Any CPU = Debug|Any CPU
		Release|Any CPU = Release|Any CPU
	EndGlobalSection
	GlobalSection(ProjectConfigurationPlatforms) = postSolution
		{DFF2D52E-8C0C-440F-8B27-F8873EDDF22B}.Debug|Any CPU.ActiveCfg = Debug|Any CPU
		{DFF2D52E-8C0C-440F-8B27-F8873EDDF22B}.Debug|Any CPU.Build.0 = Debug|Any CPU
		{DFF2D52E-8C0C-440F-8B27-F8873EDDF22B}.Release|Any CPU.ActiveCfg = Release|Any CPU
		{DFF2D52E-8C0C-440F-8B27-F8873EDDF22B}.Release|Any CPU.Build.0 = Release|Any CPU
	EndGlobalSection
	GlobalSection(SolutionProperties) = preSolution
		HideSolutionNode = FALSE
	EndGlobalSection
	GlobalSection(ExtensibilityGlobals) = postSolution
		SolutionGuid = {72466DA7-DDA7-43BB-9C6D-E0264F52372D}
	EndGlobalSection
EndGlobal
